{
  "name": "lucagaleno",
  "lockfileVersion": 2,
  "requires": true,
  "packages": {
    "": {
      "dependencies": {
        "fs": "^0.0.1-security",
        "tail": "^2.2.4"
      }
    },
    "node_modules/fs": {
      "version": "0.0.1-security",
      "resolved": "https://registry.npmjs.org/fs/-/fs-0.0.1-security.tgz",
      "integrity": "sha512-3XY9e1pP0CVEUCdj5BmfIZxRBTSDycnbqhIOGec9QYtmVH2fbLpj86CFWkrNOkt/Fvty4KZG5lTglL9j/gJ87w=="
    },
    "node_modules/tail": {
      "version": "2.2.4",
      "resolved": "https://registry.npmjs.org/tail/-/tail-2.2.4.tgz",
      "integrity": "sha512-PX8klSxW1u3SdgDrDeewh5GNE+hkJ4h02JvHfV6YrHqWOVJ88nUdSQqtsUf/gWhgZlPAws3fiZ+F1f8euspcuQ==",
      "engines": {
        "node": ">= 6.0.0"
      }
    }
  },
  "dependencies": {
    "fs": {
      "version": "0.0.1-security",
      "resolved": "https://registry.npmjs.org/fs/-/fs-0.0.1-security.tgz",
      "integrity": "sha512-3XY9e1pP0CVEUCdj5BmfIZxRBTSDycnbqhIOGec9QYtmVH2fbLpj86CFWkrNOkt/Fvty4KZG5lTglL9j/gJ87w=="
    },
    "tail": {
      "version": "2.2.4",
      "resolved": "https://registry.npmjs.org/tail/-/tail-2.2.4.tgz",
      "integrity": "sha512-PX8klSxW1u3SdgDrDeewh5GNE+hkJ4h02JvHfV6YrHqWOVJ88nUdSQqtsUf/gWhgZlPAws3fiZ+F1f8euspcuQ=="
    }
  }
}
